
Microsoft Visual Studio Solution File, Format Version 12.00
# Visual Studio Version 16
VisualStudioVersion = 16.0.28803.156
MinimumVisualStudioVersion = 10.0.40219.1
Project("{FAE04EC0-301F-11D3-BF4B-00C04F79EFBC}") = "CalculatorConsoleApp", "CalculatorConsoleApp\CalculatorConsoleApp.csproj", "{7938BDF1-E5FD-4360-8B1F-F1298E031011}"
EndProject
Global
	GlobalSection(SolutionConfigurationPlatforms) = preSolution
		Debug|Any CPU = Debug|Any CPU
		Release|Any CPU = Release|Any CPU
	EndGlobalSection
	GlobalSection(ProjectConfigurationPlatforms) = postSolution
		{7938BDF1-E5FD-4360-8B1F-F1298E031011}.Debug|Any CPU.ActiveCfg = Debug|Any CPU
		{7938BDF1-E5FD-4360-8B1F-F1298E031011}.Debug|Any CPU.Build.0 = Debug|Any CPU
		{7938BDF1-E5FD-4360-8B1F-F1298E031011}.Release|Any CPU.ActiveCfg = Release|Any CPU
		{7938BDF1-E5FD-4360-8B1F-F1298E031011}.Release|Any CPU.Build.0 = Release|Any CPU
	EndGlobalSection
	GlobalSection(SolutionProperties) = preSolution
		HideSolutionNode = FALSE
	EndGlobalSection
	GlobalSection(ExtensibilityGlobals) = postSolution
		SolutionGuid = {88CF94D7-4C11-477C-AA42-AAB6C51255B9}
	EndGlobalSection
EndGlobal
